// !$*UTF8*$!
{
	archiveVersion = 1;
	classes = {
	};
	objectVersion = 56;
	objects = {

/* Begin PBXBuildFile section */
		87D699642CE0D5CE007FA1DD /* QuranTrackerApp.swift in Sources */ = {isa = PBXBuildFile; fileRef = 87D699632CE0D5CE007FA1DD /* QuranTrackerApp.swift */; };
		87D699662CE0D5CE007FA1DD /* ContentView.swift in Sources */ = {isa = PBXBuildFile; fileRef = 87D699652CE0D5CE007FA1DD /* ContentView.swift */; };
		87D699682CE0D5CF007FA1DD /* Assets.xcassets in Resources */ = {isa = PBXBuildFile; fileRef = 87D699672CE0D5CF007FA1DD /* Assets.xcassets */; };
		87D6996B2CE0D5CF007FA1DD /* Preview Assets.xcassets in Resources */ = {isa = PBXBuildFile; fileRef = 87D6996A2CE0D5CF007FA1DD /* Preview Assets.xcassets */; };
		87D699752CE0DE7D007FA1DD /* HomeView.swift in Sources */ = {isa = PBXBuildFile; fileRef = 87D699742CE0DE7D007FA1DD /* HomeView.swift */; };
		87D699772CE0E008007FA1DD /* Particles.swift in Sources */ = {isa = PBXBuildFile; fileRef = 87D699762CE0E008007FA1DD /* Particles.swift */; };
		87D699792CE0E385007FA1DD /* ButtonQT.swift in Sources */ = {isa = PBXBuildFile; fileRef = 87D699782CE0E385007FA1DD /* ButtonQT.swift */; };
		87D6997B2CE0E9F4007FA1DD /* WriteProgressView.swift in Sources */ = {isa = PBXBuildFile; fileRef = 87D6997A2CE0E9F4007FA1DD /* WriteProgressView.swift */; };
		87D6997E2CE1087B007FA1DD /* Vortex in Frameworks */ = {isa = PBXBuildFile; productRef = 87D6997D2CE1087B007FA1DD /* Vortex */; };
		87D699812CE11785007FA1DD /* SwiftfulUI in Frameworks */ = {isa = PBXBuildFile; productRef = 87D699802CE11785007FA1DD /* SwiftfulUI */; };
/* End PBXBuildFile section */

/* Begin PBXFileReference section */
		87D699602CE0D5CE007FA1DD /* QuranTracker.app */ = {isa = PBXFileReference; explicitFileType = wrapper.application; includeInIndex = 0; path = QuranTracker.app; sourceTree = BUILT_PRODUCTS_DIR; };
		87D699632CE0D5CE007FA1DD /* QuranTrackerApp.swift */ = {isa = PBXFileReference; lastKnownFileType = sourcecode.swift; path = QuranTrackerApp.swift; sourceTree = "<group>"; };
		87D699652CE0D5CE007FA1DD /* ContentView.swift */ = {isa = PBXFileReference; lastKnownFileType = sourcecode.swift; path = ContentView.swift; sourceTree = "<group>"; };
		87D699672CE0D5CF007FA1DD /* Assets.xcassets */ = {isa = PBXFileReference; lastKnownFileType = folder.assetcatalog; path = Assets.xcassets; sourceTree = "<group>"; };
		87D6996A2CE0D5CF007FA1DD /* Preview Assets.xcassets */ = {isa = PBXFileReference; lastKnownFileType = folder.assetcatalog; path = "Preview Assets.xcassets"; sourceTree = "<group>"; };
		87D699742CE0DE7D007FA1DD /* HomeView.swift */ = {isa = PBXFileReference; lastKnownFileType = sourcecode.swift; path = HomeView.swift; sourceTree = "<group>"; };
		87D699762CE0E008007FA1DD /* Particles.swift */ = {isa = PBXFileReference; lastKnownFileType = sourcecode.swift; path = Particles.swift; sourceTree = "<group>"; };
		87D699782CE0E385007FA1DD /* ButtonQT.swift */ = {isa = PBXFileReference; lastKnownFileType = sourcecode.swift; path = ButtonQT.swift; sourceTree = "<group>"; };
		87D6997A2CE0E9F4007FA1DD /* WriteProgressView.swift */ = {isa = PBXFileReference; lastKnownFileType = sourcecode.swift; path = WriteProgressView.swift; sourceTree = "<group>"; };
/* End PBXFileReference section */

/* Begin PBXFrameworksBuildPhase section */
		87D6995D2CE0D5CE007FA1DD /* Frameworks */ = {
			isa = PBXFrameworksBuildPhase;
			buildActionMask = 2147483647;
			files = (
				87D699812CE11785007FA1DD /* SwiftfulUI in Frameworks */,
				87D6997E2CE1087B007FA1DD /* Vortex in Frameworks */,
			);
			runOnlyForDeploymentPostprocessing = 0;
		};
/* End PBXFrameworksBuildPhase section */

/* Begin PBXGroup section */
		87D699572CE0D5CE007FA1DD = {
			isa = PBXGroup;
			children = (
				87D699622CE0D5CE007FA1DD /* QuranTracker */,
				87D699612CE0D5CE007FA1DD /* Products */,
			);
			sourceTree = "<group>";
		};
		87D699612CE0D5CE007FA1DD /* Products */ = {
			isa = PBXGroup;
			children = (
				87D699602CE0D5CE007FA1DD /* QuranTracker.app */,
			);
			name = Products;
			sourceTree = "<group>";
		};
		87D699622CE0D5CE007FA1DD /* QuranTracker */ = {
			isa = PBXGroup;
			children = (
				87D699732CE0DE6D007FA1DD /* Views */,
				87D699712CE0DD97007FA1DD /* Model */,
				87D699632CE0D5CE007FA1DD /* QuranTrackerApp.swift */,
				87D699652CE0D5CE007FA1DD /* ContentView.swift */,
				87D699672CE0D5CF007FA1DD /* Assets.xcassets */,
				87D699692CE0D5CF007FA1DD /* Preview Content */,
			);
			path = QuranTracker;
			sourceTree = "<group>";
		};
		87D699692CE0D5CF007FA1DD /* Preview Content */ = {
			isa = PBXGroup;
			children = (
				87D6996A2CE0D5CF007FA1DD /* Preview Assets.xcassets */,
			);
			path = "Preview Content";
			sourceTree = "<group>";
		};
		87D699712CE0DD97007FA1DD /* Model */ = {
			isa = PBXGroup;
			children = (
			);
			path = Model;
			sourceTree = "<group>";
		};
		87D699722CE0DD9F007FA1DD /* Components */ = {
			isa = PBXGroup;
			children = (
				87D699762CE0E008007FA1DD /* Particles.swift */,
				87D699782CE0E385007FA1DD /* ButtonQT.swift */,
			);
			path = Components;
			sourceTree = "<group>";
		};
		87D699732CE0DE6D007FA1DD /* Views */ = {
			isa = PBXGroup;
			children = (
				87D699722CE0DD9F007FA1DD /* Components */,
				87D699742CE0DE7D007FA1DD /* HomeView.swift */,
				87D6997A2CE0E9F4007FA1DD /* WriteProgressView.swift */,
			);
			path = Views;
			sourceTree = "<group>";
		};
/* End PBXGroup section */

/* Begin PBXNativeTarget section */
		87D6995F2CE0D5CE007FA1DD /* QuranTracker */ = {
			isa = PBXNativeTarget;
			buildConfigurationList = 87D6996E2CE0D5CF007FA1DD /* Build configuration list for PBXNativeTarget "QuranTracker" */;
			buildPhases = (
				87D6995C2CE0D5CE007FA1DD /* Sources */,
				87D6995D2CE0D5CE007FA1DD /* Frameworks */,
				87D6995E2CE0D5CE007FA1DD /* Resources */,
			);
			buildRules = (
			);
			dependencies = (
			);
			name = QuranTracker;
			packageProductDependencies = (
				87D6997D2CE1087B007FA1DD /* Vortex */,
				87D699802CE11785007FA1DD /* SwiftfulUI */,
			);
			productName = QuranTracker;
			productReference = 87D699602CE0D5CE007FA1DD /* QuranTracker.app */;
			productType = "com.apple.product-type.application";
		};
/* End PBXNativeTarget section */

/* Begin PBXProject section */
		87D699582CE0D5CE007FA1DD /* Project object */ = {
			isa = PBXProject;
			attributes = {
				BuildIndependentTargetsInParallel = 1;
				LastSwiftUpdateCheck = 1540;
				LastUpgradeCheck = 1540;
				TargetAttributes = {
					87D6995F2CE0D5CE007FA1DD = {
						CreatedOnToolsVersion = 15.4;
					};
				};
			};
			buildConfigurationList = 87D6995B2CE0D5CE007FA1DD /* Build configuration list for PBXProject "QuranTracker" */;
			compatibilityVersion = "Xcode 14.0";
			developmentRegion = en;
			hasScannedForEncodings = 0;
			knownRegions = (
				en,
				Base,
			);
			mainGroup = 87D699572CE0D5CE007FA1DD;
			packageReferences = (
				87D6997C2CE1087B007FA1DD /* XCRemoteSwiftPackageReference "Vortex" */,
				87D6997F2CE11785007FA1DD /* XCRemoteSwiftPackageReference "SwiftfulUI" */,
			);
			productRefGroup = 87D699612CE0D5CE007FA1DD /* Products */;
			projectDirPath = "";
			projectRoot = "";
			targets = (
				87D6995F2CE0D5CE007FA1DD /* QuranTracker */,
			);
		};
/* End PBXProject section */

/* Begin PBXResourcesBuildPhase section */
		87D6995E2CE0D5CE007FA1DD /* Resources */ = {
			isa = PBXResourcesBuildPhase;
			buildActionMask = 2147483647;
			files = (
				87D6996B2CE0D5CF007FA1DD /* Preview Assets.xcassets in Resources */,
				87D699682CE0D5CF007FA1DD /* Assets.xcassets in Resources */,
			);
			runOnlyForDeploymentPostprocessing = 0;
		};
/* End PBXResourcesBuildPhase section */

/* Begin PBXSourcesBuildPhase section */
		87D6995C2CE0D5CE007FA1DD /* Sources */ = {
			isa = PBXSourcesBuildPhase;
			buildActionMask = 2147483647;
			files = (
				87D699792CE0E385007FA1DD /* ButtonQT.swift in Sources */,
				87D6997B2CE0E9F4007FA1DD /* WriteProgressView.swift in Sources */,
				87D699752CE0DE7D007FA1DD /* HomeView.swift in Sources */,
				87D699662CE0D5CE007FA1DD /* ContentView.swift in Sources */,
				87D699772CE0E008007FA1DD /* Particles.swift in Sources */,
				87D699642CE0D5CE007FA1DD /* QuranTrackerApp.swift in Sources */,
			);
			runOnlyForDeploymentPostprocessing = 0;
		};
/* End PBXSourcesBuildPhase section */

/* Begin XCBuildConfiguration section */
		87D6996C2CE0D5CF007FA1DD /* Debug */ = {
			isa = XCBuildConfiguration;
			buildSettings = {
				ALWAYS_SEARCH_USER_PATHS = NO;
				ASSETCATALOG_COMPILER_GENERATE_SWIFT_ASSET_SYMBOL_EXTENSIONS = YES;
				CLANG_ANALYZER_NONNULL = YES;
				CLANG_ANALYZER_NUMBER_OBJECT_CONVERSION = YES_AGGRESSIVE;
				CLANG_CXX_LANGUAGE_STANDARD = "gnu++20";
				CLANG_ENABLE_MODULES = YES;
				CLANG_ENABLE_OBJC_ARC = YES;
				CLANG_ENABLE_OBJC_WEAK = YES;
				CLANG_WARN_BLOCK_CAPTURE_AUTORELEASING = YES;
				CLANG_WARN_BOOL_CONVERSION = YES;
				CLANG_WARN_COMMA = YES;
				CLANG_WARN_CONSTANT_CONVERSION = YES;
				CLANG_WARN_DEPRECATED_OBJC_IMPLEMENTATIONS = YES;
				CLANG_WARN_DIRECT_OBJC_ISA_USAGE = YES_ERROR;
				CLANG_WARN_DOCUMENTATION_COMMENTS = YES;
				CLANG_WARN_EMPTY_BODY = YES;
				CLANG_WARN_ENUM_CONVERSION = YES;
				CLANG_WARN_INFINITE_RECURSION = YES;
				CLANG_WARN_INT_CONVERSION = YES;
				CLANG_WARN_NON_LITERAL_NULL_CONVERSION = YES;
				CLANG_WARN_OBJC_IMPLICIT_RETAIN_SELF = YES;
				CLANG_WARN_OBJC_LITERAL_CONVERSION = YES;
				CLANG_WARN_OBJC_ROOT_CLASS = YES_ERROR;
				CLANG_WARN_QUOTED_INCLUDE_IN_FRAMEWORK_HEADER = YES;
				CLANG_WARN_RANGE_LOOP_ANALYSIS = YES;
				CLANG_WARN_STRICT_PROTOTYPES = YES;
				CLANG_WARN_SUSPICIOUS_MOVE = YES;
				CLANG_WARN_UNGUARDED_AVAILABILITY = YES_AGGRESSIVE;
				CLANG_WARN_UNREACHABLE_CODE = YES;
				CLANG_WARN__DUPLICATE_METHOD_MATCH = YES;
				COPY_PHASE_STRIP = NO;
				DEBUG_INFORMATION_FORMAT = dwarf;
				ENABLE_STRICT_OBJC_MSGSEND = YES;
				ENABLE_TESTABILITY = YES;
				ENABLE_USER_SCRIPT_SANDBOXING = YES;
				GCC_C_LANGUAGE_STANDARD = gnu17;
				GCC_DYNAMIC_NO_PIC = NO;
				GCC_NO_COMMON_BLOCKS = YES;
				GCC_OPTIMIZATION_LEVEL = 0;
				GCC_PREPROCESSOR_DEFINITIONS = (
					"DEBUG=1",
					"$(inherited)",
				);
				GCC_WARN_64_TO_32_BIT_CONVERSION = YES;
				GCC_WARN_ABOUT_RETURN_TYPE = YES_ERROR;
				GCC_WARN_UNDECLARED_SELECTOR = YES;
				GCC_WARN_UNINITIALIZED_AUTOS = YES_AGGRESSIVE;
				GCC_WARN_UNUSED_FUNCTION = YES;
				GCC_WARN_UNUSED_VARIABLE = YES;
				IPHONEOS_DEPLOYMENT_TARGET = 17.5;
				LOCALIZATION_PREFERS_STRING_CATALOGS = YES;
				MTL_ENABLE_DEBUG_INFO = INCLUDE_SOURCE;
				MTL_FAST_MATH = YES;
				ONLY_ACTIVE_ARCH = YES;
				SDKROOT = iphoneos;
				SWIFT_ACTIVE_COMPILATION_CONDITIONS = "DEBUG $(inherited)";
				SWIFT_OPTIMIZATION_LEVEL = "-Onone";
			};
			name = Debug;
		};
		87D6996D2CE0D5CF007FA1DD /* Release */ = {
			isa = XCBuildConfiguration;
			buildSettings = {
				ALWAYS_SEARCH_USER_PATHS = NO;
				ASSETCATALOG_COMPILER_GENERATE_SWIFT_ASSET_SYMBOL_EXTENSIONS = YES;
				CLANG_ANALYZER_NONNULL = YES;
				CLANG_ANALYZER_NUMBER_OBJECT_CONVERSION = YES_AGGRESSIVE;
				CLANG_CXX_LANGUAGE_STANDARD = "gnu++20";
				CLANG_ENABLE_MODULES = YES;
				CLANG_ENABLE_OBJC_ARC = YES;
				CLANG_ENABLE_OBJC_WEAK = YES;
				CLANG_WARN_BLOCK_CAPTURE_AUTORELEASING = YES;
				CLANG_WARN_BOOL_CONVERSION = YES;
				CLANG_WARN_COMMA = YES;
				CLANG_WARN_CONSTANT_CONVERSION = YES;
				CLANG_WARN_DEPRECATED_OBJC_IMPLEMENTATIONS = YES;
				CLANG_WARN_DIRECT_OBJC_ISA_USAGE = YES_ERROR;
				CLANG_WARN_DOCUMENTATION_COMMENTS = YES;
				CLANG_WARN_EMPTY_BODY = YES;
				CLANG_WARN_ENUM_CONVERSION = YES;
				CLANG_WARN_INFINITE_RECURSION = YES;
				CLANG_WARN_INT_CONVERSION = YES;
				CLANG_WARN_NON_LITERAL_NULL_CONVERSION = YES;
				CLANG_WARN_OBJC_IMPLICIT_RETAIN_SELF = YES;
				CLANG_WARN_OBJC_LITERAL_CONVERSION = YES;
				CLANG_WARN_OBJC_ROOT_CLASS = YES_ERROR;
				CLANG_WARN_QUOTED_INCLUDE_IN_FRAMEWORK_HEADER = YES;
				CLANG_WARN_RANGE_LOOP_ANALYSIS = YES;
				CLANG_WARN_STRICT_PROTOTYPES = YES;
				CLANG_WARN_SUSPICIOUS_MOVE = YES;
				CLANG_WARN_UNGUARDED_AVAILABILITY = YES_AGGRESSIVE;
				CLANG_WARN_UNREACHABLE_CODE = YES;
				CLANG_WARN__DUPLICATE_METHOD_MATCH = YES;
				COPY_PHASE_STRIP = NO;
				DEBUG_INFORMATION_FORMAT = "dwarf-with-dsym";
				ENABLE_NS_ASSERTIONS = NO;
				ENABLE_STRICT_OBJC_MSGSEND = YES;
				ENABLE_USER_SCRIPT_SANDBOXING = YES;
				GCC_C_LANGUAGE_STANDARD = gnu17;
				GCC_NO_COMMON_BLOCKS = YES;
				GCC_WARN_64_TO_32_BIT_CONVERSION = YES;
				GCC_WARN_ABOUT_RETURN_TYPE = YES_ERROR;
				GCC_WARN_UNDECLARED_SELECTOR = YES;
				GCC_WARN_UNINITIALIZED_AUTOS = YES_AGGRESSIVE;
				GCC_WARN_UNUSED_FUNCTION = YES;
				GCC_WARN_UNUSED_VARIABLE = YES;
				IPHONEOS_DEPLOYMENT_TARGET = 17.5;
				LOCALIZATION_PREFERS_STRING_CATALOGS = YES;
				MTL_ENABLE_DEBUG_INFO = NO;
				MTL_FAST_MATH = YES;
				SDKROOT = iphoneos;
				SWIFT_COMPILATION_MODE = wholemodule;
				VALIDATE_PRODUCT = YES;
			};
			name = Release;
		};
		87D6996F2CE0D5CF007FA1DD /* Debug */ = {
			isa = XCBuildConfiguration;
			buildSettings = {
				ASSETCATALOG_COMPILER_APPICON_NAME = AppIcon;
				ASSETCATALOG_COMPILER_GLOBAL_ACCENT_COLOR_NAME = AccentColor;
				CODE_SIGN_STYLE = Automatic;
				CURRENT_PROJECT_VERSION = 1;
				DEVELOPMENT_ASSET_PATHS = "\"QuranTracker/Preview Content\"";
				DEVELOPMENT_TEAM = 5TA9PLMD6F;
				ENABLE_PREVIEWS = YES;
				GENERATE_INFOPLIST_FILE = YES;
				INFOPLIST_KEY_UIApplicationSceneManifest_Generation = YES;
				INFOPLIST_KEY_UIApplicationSupportsIndirectInputEvents = YES;
				INFOPLIST_KEY_UILaunchScreen_Generation = YES;
				INFOPLIST_KEY_UISupportedInterfaceOrientations_iPad = "UIInterfaceOrientationPortrait UIInterfaceOrientationPortraitUpsideDown UIInterfaceOrientationLandscapeLeft UIInterfaceOrientationLandscapeRight";
				INFOPLIST_KEY_UISupportedInterfaceOrientations_iPhone = "UIInterfaceOrientationPortrait UIInterfaceOrientationLandscapeLeft UIInterfaceOrientationLandscapeRight";
				IPHONEOS_DEPLOYMENT_TARGET = 16.6;
				LD_RUNPATH_SEARCH_PATHS = (
					"$(inherited)",
					"@executable_path/Frameworks",
				);
				MARKETING_VERSION = 1.0;
				PRODUCT_BUNDLE_IDENTIFIER = "Gamid-Khalidov.QuranTracker";
				PRODUCT_NAME = "$(TARGET_NAME)";
				SWIFT_EMIT_LOC_STRINGS = YES;
				SWIFT_VERSION = 5.0;
				TARGETED_DEVICE_FAMILY = "1,2";
			};
			name = Debug;
		};
		87D699702CE0D5CF007FA1DD /* Release */ = {
			isa = XCBuildConfiguration;
			buildSettings = {
				ASSETCATALOG_COMPILER_APPICON_NAME = AppIcon;
				ASSETCATALOG_COMPILER_GLOBAL_ACCENT_COLOR_NAME = AccentColor;
				CODE_SIGN_STYLE = Automatic;
				CURRENT_PROJECT_VERSION = 1;
				DEVELOPMENT_ASSET_PATHS = "\"QuranTracker/Preview Content\"";
				DEVELOPMENT_TEAM = 5TA9PLMD6F;
				ENABLE_PREVIEWS = YES;
				GENERATE_INFOPLIST_FILE = YES;
				INFOPLIST_KEY_UIApplicationSceneManifest_Generation = YES;
				INFOPLIST_KEY_UIApplicationSupportsIndirectInputEvents = YES;
				INFOPLIST_KEY_UILaunchScreen_Generation = YES;
				INFOPLIST_KEY_UISupportedInterfaceOrientations_iPad = "UIInterfaceOrientationPortrait UIInterfaceOrientationPortraitUpsideDown UIInterfaceOrientationLandscapeLeft UIInterfaceOrientationLandscapeRight";
				INFOPLIST_KEY_UISupportedInterfaceOrientations_iPhone = "UIInterfaceOrientationPortrait UIInterfaceOrientationLandscapeLeft UIInterfaceOrientationLandscapeRight";
				IPHONEOS_DEPLOYMENT_TARGET = 16.6;
				LD_RUNPATH_SEARCH_PATHS = (
					"$(inherited)",
					"@executable_path/Frameworks",
				);
				MARKETING_VERSION = 1.0;
				PRODUCT_BUNDLE_IDENTIFIER = "Gamid-Khalidov.QuranTracker";
				PRODUCT_NAME = "$(TARGET_NAME)";
				SWIFT_EMIT_LOC_STRINGS = YES;
				SWIFT_VERSION = 5.0;
				TARGETED_DEVICE_FAMILY = "1,2";
			};
			name = Release;
		};
/* End XCBuildConfiguration section */

/* Begin XCConfigurationList section */
		87D6995B2CE0D5CE007FA1DD /* Build configuration list for PBXProject "QuranTracker" */ = {
			isa = XCConfigurationList;
			buildConfigurations = (
				87D6996C2CE0D5CF007FA1DD /* Debug */,
				87D6996D2CE0D5CF007FA1DD /* Release */,
			);
			defaultConfigurationIsVisible = 0;
			defaultConfigurationName = Release;
		};
		87D6996E2CE0D5CF007FA1DD /* Build configuration list for PBXNativeTarget "QuranTracker" */ = {
			isa = XCConfigurationList;
			buildConfigurations = (
				87D6996F2CE0D5CF007FA1DD /* Debug */,
				87D699702CE0D5CF007FA1DD /* Release */,
			);
			defaultConfigurationIsVisible = 0;
			defaultConfigurationName = Release;
		};
/* End XCConfigurationList section */

/* Begin XCRemoteSwiftPackageReference section */
		87D6997C2CE1087B007FA1DD /* XCRemoteSwiftPackageReference "Vortex" */ = {
			isa = XCRemoteSwiftPackageReference;
			repositoryURL = "https://github.com/twostraws/Vortex";
			requirement = {
				kind = upToNextMajorVersion;
				minimumVersion = 1.0.1;
			};
		};
		87D6997F2CE11785007FA1DD /* XCRemoteSwiftPackageReference "SwiftfulUI" */ = {
			isa = XCRemoteSwiftPackageReference;
			repositoryURL = "https://github.com/SwiftfulThinking/SwiftfulUI.git";
			requirement = {
				kind = upToNextMajorVersion;
				minimumVersion = 1.2.0;
			};
		};
/* End XCRemoteSwiftPackageReference section */

/* Begin XCSwiftPackageProductDependency section */
		87D6997D2CE1087B007FA1DD /* Vortex */ = {
			isa = XCSwiftPackageProductDependency;
			package = 87D6997C2CE1087B007FA1DD /* XCRemoteSwiftPackageReference "Vortex" */;
			productName = Vortex;
		};
		87D699802CE11785007FA1DD /* SwiftfulUI */ = {
			isa = XCSwiftPackageProductDependency;
			package = 87D6997F2CE11785007FA1DD /* XCRemoteSwiftPackageReference "SwiftfulUI" */;
			productName = SwiftfulUI;
		};
/* End XCSwiftPackageProductDependency section */
	};
	rootObject = 87D699582CE0D5CE007FA1DD /* Project object */;
}
